{
  "version": 1,
  "dependencies": {
    "net10.0": {
      "Npgsql": {
        "type": "Transitive",
        "resolved": "10.0.3",
        "contentHash": "7nb5YzXuvWWJxB0J8DiyL3we+X4FOctZrt0fIBnucOIaIevFEEwGQVZKtiu9olXdlNAK1eNgqSral6r/jlhI4w=="
      },
      "rift.backend": {
        "type": "Project",
        "dependencies": {
          "Npgsql": "[10.0.3, )",
          "Rift.Contracts": "[1.0.0, )"
        }
      },
      "rift.contracts": {
        "type": "Project",
        "dependencies": {
          "Rift.Core": "[1.0.0, )"
        }
      },
      "rift.core": {
        "type": "Project"
      }
    }
  }
}